
Microsoft Visual Studio Solution File, Format Version 12.00
# Visual Studio Version 16
VisualStudioVersion = 16.0.33529.622
MinimumVisualStudioVersion = 10.0.40219.1
Project("{FAE04EC0-301F-11D3-BF4B-00C04F79EFBC}") = "QLQTT", "QLQTT\QLQTT.csproj", "{630CA531-270E-4BD1-93B0-DF3D020F6D7D}"
EndProject
Global
	GlobalSection(SolutionConfigurationPlatforms) = preSolution
		Debug|Any CPU = Debug|Any CPU
		Release|Any CPU = Release|Any CPU
	EndGlobalSection
	GlobalSection(ProjectConfigurationPlatforms) = postSolution
		{630CA531-270E-4BD1-93B0-DF3D020F6D7D}.Debug|Any CPU.ActiveCfg = Debug|Any CPU
		{630CA531-270E-4BD1-93B0-DF3D020F6D7D}.Debug|Any CPU.Build.0 = Debug|Any CPU
		{630CA531-270E-4BD1-93B0-DF3D020F6D7D}.Release|Any CPU.ActiveCfg = Release|Any CPU
		{630CA531-270E-4BD1-93B0-DF3D020F6D7D}.Release|Any CPU.Build.0 = Release|Any CPU
	EndGlobalSection
	GlobalSection(SolutionProperties) = preSolution
		HideSolutionNode = FALSE
	EndGlobalSection
	GlobalSection(ExtensibilityGlobals) = postSolution
		SolutionGuid = {3BDA3E00-9719-40B5-9833-C43D175ADB12}
	EndGlobalSection
EndGlobal
