
Microsoft Visual Studio Solution File, Format Version 12.00
# Visual Studio Version 16
VisualStudioVersion = 16.0.33529.622
MinimumVisualStudioVersion = 10.0.40219.1
Project("{FAE04EC0-301F-11D3-BF4B-00C04F79EFBC}") = "QLQTT", "QLQTT\QLQTT.csproj", "{3E016568-0E82-4F99-89AE-2DCE8254E46A}"
EndProject
Global
	GlobalSection(SolutionConfigurationPlatforms) = preSolution
		Debug|Any CPU = Debug|Any CPU
		Release|Any CPU = Release|Any CPU
	EndGlobalSection
	GlobalSection(ProjectConfigurationPlatforms) = postSolution
		{3E016568-0E82-4F99-89AE-2DCE8254E46A}.Debug|Any CPU.ActiveCfg = Debug|Any CPU
		{3E016568-0E82-4F99-89AE-2DCE8254E46A}.Debug|Any CPU.Build.0 = Debug|Any CPU
		{3E016568-0E82-4F99-89AE-2DCE8254E46A}.Release|Any CPU.ActiveCfg = Release|Any CPU
		{3E016568-0E82-4F99-89AE-2DCE8254E46A}.Release|Any CPU.Build.0 = Release|Any CPU
	EndGlobalSection
	GlobalSection(SolutionProperties) = preSolution
		HideSolutionNode = FALSE
	EndGlobalSection
	GlobalSection(ExtensibilityGlobals) = postSolution
		SolutionGuid = {CBF192DA-1A5F-465F-B94C-F2B9509A5BD8}
	EndGlobalSection
EndGlobal
